
Microsoft Visual Studio Solution File, Format Version 12.00
# Visual Studio Version 17
VisualStudioVersion = 17.5.33516.290
MinimumVisualStudioVersion = 10.0.40219.1
Project("{FAE04EC0-301F-11D3-BF4B-00C04F79EFBC}") = "AutomationTestingFramework", "AutomationTestingFramework\AutomationTestingFramework.csproj", "{60EED7E6-CD3C-47E6-A3CD-BB3130F80BF0}"
EndProject
Global
	GlobalSection(SolutionConfigurationPlatforms) = preSolution
		Debug|Any CPU = Debug|Any CPU
		Release|Any CPU = Release|Any CPU
	EndGlobalSection
	GlobalSection(ProjectConfigurationPlatforms) = postSolution
		{60EED7E6-CD3C-47E6-A3CD-BB3130F80BF0}.Debug|Any CPU.ActiveCfg = Debug|Any CPU
		{60EED7E6-CD3C-47E6-A3CD-BB3130F80BF0}.Debug|Any CPU.Build.0 = Debug|Any CPU
		{60EED7E6-CD3C-47E6-A3CD-BB3130F80BF0}.Release|Any CPU.ActiveCfg = Release|Any CPU
		{60EED7E6-CD3C-47E6-A3CD-BB3130F80BF0}.Release|Any CPU.Build.0 = Release|Any CPU
	EndGlobalSection
	GlobalSection(SolutionProperties) = preSolution
		HideSolutionNode = FALSE
	EndGlobalSection
	GlobalSection(ExtensibilityGlobals) = postSolution
		SolutionGuid = {60CC57C5-5C62-4CB1-89FC-068AC41D08B4}
	EndGlobalSection
EndGlobal
